
Microsoft Visual Studio Solution File, Format Version 12.00
# Visual Studio Version 17
VisualStudioVersion = 17.0.31903.59
MinimumVisualStudioVersion = 10.0.40219.1
Project("{9A19103F-16F7-4668-BE54-9A1E7A4F7556}") = "RichillCapital.TraderStudio.Web", "RichillCapital.TraderStudio.Web.csproj", "{68049B1E-EA70-4C95-8A1F-F77E57875350}"
EndProject
Project("{2150E333-8FDC-42A3-9474-1A3956D46DE8}") = "Libs", "Libs", "{B53D4ACB-82FD-45E9-A775-91803ACAE2D0}"
EndProject
Project("{FAE04EC0-301F-11D3-BF4B-00C04F79EFBC}") = "RichillCapital.Domain", "Libs\RichillCapital.Domain\RichillCapital.Domain.csproj", "{B2E4A19C-D36A-40DC-B70A-B1E0D7C0C5B6}"
EndProject
Project("{FAE04EC0-301F-11D3-BF4B-00C04F79EFBC}") = "RichillCapital.UseCases", "Libs\RichillCapital.UseCases\RichillCapital.UseCases.csproj", "{E1673B9E-6FFC-4919-BF0B-1D07B2FAFC82}"
EndProject
Project("{FAE04EC0-301F-11D3-BF4B-00C04F79EFBC}") = "RichillCapital.Identity", "Libs\RichillCapital.Identity\RichillCapital.Identity.csproj", "{3E06A7CD-4DC3-4100-9DDD-9D1BFB1693BC}"
EndProject
Project("{FAE04EC0-301F-11D3-BF4B-00C04F79EFBC}") = "RichillCapital.Logging", "Libs\RichillCapital.Logging\RichillCapital.Logging.csproj", "{3809D204-D84B-40CC-9A17-551B0CBC1764}"
EndProject
Project("{FAE04EC0-301F-11D3-BF4B-00C04F79EFBC}") = "RichillCapital.Contracts", "Libs\RichillCapital.Contracts\RichillCapital.Contracts.csproj", "{B571306F-A5F5-4278-8DCF-06D40C491E66}"
EndProject
Global
	GlobalSection(SolutionConfigurationPlatforms) = preSolution
		Debug|Any CPU = Debug|Any CPU
		Debug|x64 = Debug|x64
		Debug|x86 = Debug|x86
		Release|Any CPU = Release|Any CPU
		Release|x64 = Release|x64
		Release|x86 = Release|x86
	EndGlobalSection
	GlobalSection(ProjectConfigurationPlatforms) = postSolution
		{68049B1E-EA70-4C95-8A1F-F77E57875350}.Debug|Any CPU.ActiveCfg = Debug|Any CPU
		{68049B1E-EA70-4C95-8A1F-F77E57875350}.Debug|Any CPU.Build.0 = Debug|Any CPU
		{68049B1E-EA70-4C95-8A1F-F77E57875350}.Debug|x64.ActiveCfg = Debug|Any CPU
		{68049B1E-EA70-4C95-8A1F-F77E57875350}.Debug|x64.Build.0 = Debug|Any CPU
		{68049B1E-EA70-4C95-8A1F-F77E57875350}.Debug|x86.ActiveCfg = Debug|Any CPU
		{68049B1E-EA70-4C95-8A1F-F77E57875350}.Debug|x86.Build.0 = Debug|Any CPU
		{68049B1E-EA70-4C95-8A1F-F77E57875350}.Release|Any CPU.ActiveCfg = Release|Any CPU
		{68049B1E-EA70-4C95-8A1F-F77E57875350}.Release|Any CPU.Build.0 = Release|Any CPU
		{68049B1E-EA70-4C95-8A1F-F77E57875350}.Release|x64.ActiveCfg = Release|Any CPU
		{68049B1E-EA70-4C95-8A1F-F77E57875350}.Release|x64.Build.0 = Release|Any CPU
		{68049B1E-EA70-4C95-8A1F-F77E57875350}.Release|x86.ActiveCfg = Release|Any CPU
		{68049B1E-EA70-4C95-8A1F-F77E57875350}.Release|x86.Build.0 = Release|Any CPU
		{B2E4A19C-D36A-40DC-B70A-B1E0D7C0C5B6}.Debug|Any CPU.ActiveCfg = Debug|Any CPU
		{B2E4A19C-D36A-40DC-B70A-B1E0D7C0C5B6}.Debug|Any CPU.Build.0 = Debug|Any CPU
		{B2E4A19C-D36A-40DC-B70A-B1E0D7C0C5B6}.Debug|x64.ActiveCfg = Debug|Any CPU
		{B2E4A19C-D36A-40DC-B70A-B1E0D7C0C5B6}.Debug|x64.Build.0 = Debug|Any CPU
		{B2E4A19C-D36A-40DC-B70A-B1E0D7C0C5B6}.Debug|x86.ActiveCfg = Debug|Any CPU
		{B2E4A19C-D36A-40DC-B70A-B1E0D7C0C5B6}.Debug|x86.Build.0 = Debug|Any CPU
		{B2E4A19C-D36A-40DC-B70A-B1E0D7C0C5B6}.Release|Any CPU.ActiveCfg = Release|Any CPU
		{B2E4A19C-D36A-40DC-B70A-B1E0D7C0C5B6}.Release|Any CPU.Build.0 = Release|Any CPU
		{B2E4A19C-D36A-40DC-B70A-B1E0D7C0C5B6}.Release|x64.ActiveCfg = Release|Any CPU
		{B2E4A19C-D36A-40DC-B70A-B1E0D7C0C5B6}.Release|x64.Build.0 = Release|Any CPU
		{B2E4A19C-D36A-40DC-B70A-B1E0D7C0C5B6}.Release|x86.ActiveCfg = Release|Any CPU
		{B2E4A19C-D36A-40DC-B70A-B1E0D7C0C5B6}.Release|x86.Build.0 = Release|Any CPU
		{E1673B9E-6FFC-4919-BF0B-1D07B2FAFC82}.Debug|Any CPU.ActiveCfg = Debug|Any CPU
		{E1673B9E-6FFC-4919-BF0B-1D07B2FAFC82}.Debug|Any CPU.Build.0 = Debug|Any CPU
		{E1673B9E-6FFC-4919-BF0B-1D07B2FAFC82}.Debug|x64.ActiveCfg = Debug|Any CPU
		{E1673B9E-6FFC-4919-BF0B-1D07B2FAFC82}.Debug|x64.Build.0 = Debug|Any CPU
		{E1673B9E-6FFC-4919-BF0B-1D07B2FAFC82}.Debug|x86.ActiveCfg = Debug|Any CPU
		{E1673B9E-6FFC-4919-BF0B-1D07B2FAFC82}.Debug|x86.Build.0 = Debug|Any CPU
		{E1673B9E-6FFC-4919-BF0B-1D07B2FAFC82}.Release|Any CPU.ActiveCfg = Release|Any CPU
		{E1673B9E-6FFC-4919-BF0B-1D07B2FAFC82}.Release|Any CPU.Build.0 = Release|Any CPU
		{E1673B9E-6FFC-4919-BF0B-1D07B2FAFC82}.Release|x64.ActiveCfg = Release|Any CPU
		{E1673B9E-6FFC-4919-BF0B-1D07B2FAFC82}.Release|x64.Build.0 = Release|Any CPU
		{E1673B9E-6FFC-4919-BF0B-1D07B2FAFC82}.Release|x86.ActiveCfg = Release|Any CPU
		{E1673B9E-6FFC-4919-BF0B-1D07B2FAFC82}.Release|x86.Build.0 = Release|Any CPU
		{3E06A7CD-4DC3-4100-9DDD-9D1BFB1693BC}.Debug|Any CPU.ActiveCfg = Debug|Any CPU
		{3E06A7CD-4DC3-4100-9DDD-9D1BFB1693BC}.Debug|Any CPU.Build.0 = Debug|Any CPU
		{3E06A7CD-4DC3-4100-9DDD-9D1BFB1693BC}.Debug|x64.ActiveCfg = Debug|Any CPU
		{3E06A7CD-4DC3-4100-9DDD-9D1BFB1693BC}.Debug|x64.Build.0 = Debug|Any CPU
		{3E06A7CD-4DC3-4100-9DDD-9D1BFB1693BC}.Debug|x86.ActiveCfg = Debug|Any CPU
		{3E06A7CD-4DC3-4100-9DDD-9D1BFB1693BC}.Debug|x86.Build.0 = Debug|Any CPU
		{3E06A7CD-4DC3-4100-9DDD-9D1BFB1693BC}.Release|Any CPU.ActiveCfg = Release|Any CPU
		{3E06A7CD-4DC3-4100-9DDD-9D1BFB1693BC}.Release|Any CPU.Build.0 = Release|Any CPU
		{3E06A7CD-4DC3-4100-9DDD-9D1BFB1693BC}.Release|x64.ActiveCfg = Release|Any CPU
		{3E06A7CD-4DC3-4100-9DDD-9D1BFB1693BC}.Release|x64.Build.0 = Release|Any CPU
		{3E06A7CD-4DC3-4100-9DDD-9D1BFB1693BC}.Release|x86.ActiveCfg = Release|Any CPU
		{3E06A7CD-4DC3-4100-9DDD-9D1BFB1693BC}.Release|x86.Build.0 = Release|Any CPU
		{3809D204-D84B-40CC-9A17-551B0CBC1764}.Debug|Any CPU.ActiveCfg = Debug|Any CPU
		{3809D204-D84B-40CC-9A17-551B0CBC1764}.Debug|Any CPU.Build.0 = Debug|Any CPU
		{3809D204-D84B-40CC-9A17-551B0CBC1764}.Debug|x64.ActiveCfg = Debug|Any CPU
		{3809D204-D84B-40CC-9A17-551B0CBC1764}.Debug|x64.Build.0 = Debug|Any CPU
		{3809D204-D84B-40CC-9A17-551B0CBC1764}.Debug|x86.ActiveCfg = Debug|Any CPU
		{3809D204-D84B-40CC-9A17-551B0CBC1764}.Debug|x86.Build.0 = Debug|Any CPU
		{3809D204-D84B-40CC-9A17-551B0CBC1764}.Release|Any CPU.ActiveCfg = Release|Any CPU
		{3809D204-D84B-40CC-9A17-551B0CBC1764}.Release|Any CPU.Build.0 = Release|Any CPU
		{3809D204-D84B-40CC-9A17-551B0CBC1764}.Release|x64.ActiveCfg = Release|Any CPU
		{3809D204-D84B-40CC-9A17-551B0CBC1764}.Release|x64.Build.0 = Release|Any CPU
		{3809D204-D84B-40CC-9A17-551B0CBC1764}.Release|x86.ActiveCfg = Release|Any CPU
		{3809D204-D84B-40CC-9A17-551B0CBC1764}.Release|x86.Build.0 = Release|Any CPU
		{B571306F-A5F5-4278-8DCF-06D40C491E66}.Debug|Any CPU.ActiveCfg = Debug|Any CPU
		{B571306F-A5F5-4278-8DCF-06D40C491E66}.Debug|Any CPU.Build.0 = Debug|Any CPU
		{B571306F-A5F5-4278-8DCF-06D40C491E66}.Debug|x64.ActiveCfg = Debug|Any CPU
		{B571306F-A5F5-4278-8DCF-06D40C491E66}.Debug|x64.Build.0 = Debug|Any CPU
		{B571306F-A5F5-4278-8DCF-06D40C491E66}.Debug|x86.ActiveCfg = Debug|Any CPU
		{B571306F-A5F5-4278-8DCF-06D40C491E66}.Debug|x86.Build.0 = Debug|Any CPU
		{B571306F-A5F5-4278-8DCF-06D40C491E66}.Release|Any CPU.ActiveCfg = Release|Any CPU
		{B571306F-A5F5-4278-8DCF-06D40C491E66}.Release|Any CPU.Build.0 = Release|Any CPU
		{B571306F-A5F5-4278-8DCF-06D40C491E66}.Release|x64.ActiveCfg = Release|Any CPU
		{B571306F-A5F5-4278-8DCF-06D40C491E66}.Release|x64.Build.0 = Release|Any CPU
		{B571306F-A5F5-4278-8DCF-06D40C491E66}.Release|x86.ActiveCfg = Release|Any CPU
		{B571306F-A5F5-4278-8DCF-06D40C491E66}.Release|x86.Build.0 = Release|Any CPU
	EndGlobalSection
	GlobalSection(SolutionProperties) = preSolution
		HideSolutionNode = FALSE
	EndGlobalSection
	GlobalSection(NestedProjects) = preSolution
		{B2E4A19C-D36A-40DC-B70A-B1E0D7C0C5B6} = {B53D4ACB-82FD-45E9-A775-91803ACAE2D0}
		{E1673B9E-6FFC-4919-BF0B-1D07B2FAFC82} = {B53D4ACB-82FD-45E9-A775-91803ACAE2D0}
		{3E06A7CD-4DC3-4100-9DDD-9D1BFB1693BC} = {B53D4ACB-82FD-45E9-A775-91803ACAE2D0}
		{3809D204-D84B-40CC-9A17-551B0CBC1764} = {B53D4ACB-82FD-45E9-A775-91803ACAE2D0}
		{B571306F-A5F5-4278-8DCF-06D40C491E66} = {B53D4ACB-82FD-45E9-A775-91803ACAE2D0}
	EndGlobalSection
	GlobalSection(ExtensibilityGlobals) = postSolution
		SolutionGuid = {19C415CA-2721-4790-BE8D-332D840DCFF0}
	EndGlobalSection
EndGlobal
